
Microsoft Visual Studio Solution File, Format Version 12.00
# Visual Studio Version 16
VisualStudioVersion = 16.0.31613.86
MinimumVisualStudioVersion = 10.0.40219.1
Project("{FAE04EC0-301F-11D3-BF4B-00C04F79EFBC}") = "jhonatanm.common", "jhonatanm.common\jhonatanm.common.csproj", "{8F1F3446-1EEB-4872-8BB4-176B433385A0}"
EndProject
Project("{FAE04EC0-301F-11D3-BF4B-00C04F79EFBC}") = "jhonatanm.Functions", "jhonatanm.Functions\jhonatanm.Functions.csproj", "{A870286C-FDD1-41A2-8EF3-2A574371C895}"
EndProject
Project("{FAE04EC0-301F-11D3-BF4B-00C04F79EFBC}") = "jhonatanm.Test", "jhonatanm.Test\jhonatanm.Test.csproj", "{BBBCECB1-E868-4455-9D7A-A7792F52EF9D}"
EndProject
Global
	GlobalSection(SolutionConfigurationPlatforms) = preSolution
		Debug|Any CPU = Debug|Any CPU
		Release|Any CPU = Release|Any CPU
	EndGlobalSection
	GlobalSection(ProjectConfigurationPlatforms) = postSolution
		{8F1F3446-1EEB-4872-8BB4-176B433385A0}.Debug|Any CPU.ActiveCfg = Debug|Any CPU
		{8F1F3446-1EEB-4872-8BB4-176B433385A0}.Debug|Any CPU.Build.0 = Debug|Any CPU
		{8F1F3446-1EEB-4872-8BB4-176B433385A0}.Release|Any CPU.ActiveCfg = Release|Any CPU
		{8F1F3446-1EEB-4872-8BB4-176B433385A0}.Release|Any CPU.Build.0 = Release|Any CPU
		{A870286C-FDD1-41A2-8EF3-2A574371C895}.Debug|Any CPU.ActiveCfg = Debug|Any CPU
		{A870286C-FDD1-41A2-8EF3-2A574371C895}.Debug|Any CPU.Build.0 = Debug|Any CPU
		{A870286C-FDD1-41A2-8EF3-2A574371C895}.Release|Any CPU.ActiveCfg = Release|Any CPU
		{A870286C-FDD1-41A2-8EF3-2A574371C895}.Release|Any CPU.Build.0 = Release|Any CPU
		{BBBCECB1-E868-4455-9D7A-A7792F52EF9D}.Debug|Any CPU.ActiveCfg = Debug|Any CPU
		{BBBCECB1-E868-4455-9D7A-A7792F52EF9D}.Debug|Any CPU.Build.0 = Debug|Any CPU
		{BBBCECB1-E868-4455-9D7A-A7792F52EF9D}.Release|Any CPU.ActiveCfg = Release|Any CPU
		{BBBCECB1-E868-4455-9D7A-A7792F52EF9D}.Release|Any CPU.Build.0 = Release|Any CPU
	EndGlobalSection
	GlobalSection(SolutionProperties) = preSolution
		HideSolutionNode = FALSE
	EndGlobalSection
	GlobalSection(ExtensibilityGlobals) = postSolution
		SolutionGuid = {72BBDFF5-33AD-4283-96C2-74EF36E83FBC}
	EndGlobalSection
EndGlobal
